
Microsoft Visual Studio Solution File, Format Version 12.00
# Visual Studio Version 17
VisualStudioVersion = 17.9.34616.47
MinimumVisualStudioVersion = 10.0.40219.1
Project("{9A19103F-16F7-4668-BE54-9A1E7A4F7556}") = "GenericTemplateSolution.Application", "GenericTemplateSolution.Aplication\GenericTemplateSolution.Application.csproj", "{5364CF22-58BB-48D1-A968-75C00BB9C2BE}"
EndProject
Project("{9A19103F-16F7-4668-BE54-9A1E7A4F7556}") = "GenericTemplateSolution.Core", "GenericTemplateSolution.Core\GenericTemplateSolution.Core.csproj", "{AA48BC25-C2BE-465D-8AF5-0630BCF423BD}"
EndProject
Project("{9A19103F-16F7-4668-BE54-9A1E7A4F7556}") = "GenericTemplateSolution.Infrastructure", "GenericTemplateSolution.Infrastructure\GenericTemplateSolution.Infrastructure.csproj", "{4FC6C94F-B3B3-4415-B9CA-2570CBD1402B}"
EndProject
Project("{2150E333-8FDC-42A3-9474-1A3956D46DE8}") = "Solution Items", "Solution Items", "{5466F54A-0A0F-4BE6-BBAD-3F70F6585BEA}"
EndProject
Project("{9092AA53-FB77-4645-B42D-1CCCA6BD08BD}") = "GenericTemplateSolution.Client", "GenericTemplateSolution.Client\GenericTemplateSolution.Client.njsproj", "{DB2434A2-B301-4783-A6CA-F97254A26E1A}"
EndProject
Project("{9A19103F-16F7-4668-BE54-9A1E7A4F7556}") = "GenericTemplateSolution.API", "GenericTemplateSolution.API\GenericTemplateSolution.API.csproj", "{C7BF0EB0-87FA-4CCA-8B5F-217054A8212F}"
	ProjectSection(ProjectDependencies) = postProject
		{4FC6C94F-B3B3-4415-B9CA-2570CBD1402B} = {4FC6C94F-B3B3-4415-B9CA-2570CBD1402B}
		{5364CF22-58BB-48D1-A968-75C00BB9C2BE} = {5364CF22-58BB-48D1-A968-75C00BB9C2BE}
		{AA48BC25-C2BE-465D-8AF5-0630BCF423BD} = {AA48BC25-C2BE-465D-8AF5-0630BCF423BD}
	EndProjectSection
EndProject
Global
	GlobalSection(SolutionConfigurationPlatforms) = preSolution
		Debug|Any CPU = Debug|Any CPU
		Release|Any CPU = Release|Any CPU
	EndGlobalSection
	GlobalSection(ProjectConfigurationPlatforms) = postSolution
		{5364CF22-58BB-48D1-A968-75C00BB9C2BE}.Debug|Any CPU.ActiveCfg = Debug|Any CPU
		{5364CF22-58BB-48D1-A968-75C00BB9C2BE}.Debug|Any CPU.Build.0 = Debug|Any CPU
		{5364CF22-58BB-48D1-A968-75C00BB9C2BE}.Release|Any CPU.ActiveCfg = Release|Any CPU
		{5364CF22-58BB-48D1-A968-75C00BB9C2BE}.Release|Any CPU.Build.0 = Release|Any CPU
		{AA48BC25-C2BE-465D-8AF5-0630BCF423BD}.Debug|Any CPU.ActiveCfg = Debug|Any CPU
		{AA48BC25-C2BE-465D-8AF5-0630BCF423BD}.Debug|Any CPU.Build.0 = Debug|Any CPU
		{AA48BC25-C2BE-465D-8AF5-0630BCF423BD}.Release|Any CPU.ActiveCfg = Release|Any CPU
		{AA48BC25-C2BE-465D-8AF5-0630BCF423BD}.Release|Any CPU.Build.0 = Release|Any CPU
		{4FC6C94F-B3B3-4415-B9CA-2570CBD1402B}.Debug|Any CPU.ActiveCfg = Debug|Any CPU
		{4FC6C94F-B3B3-4415-B9CA-2570CBD1402B}.Debug|Any CPU.Build.0 = Debug|Any CPU
		{4FC6C94F-B3B3-4415-B9CA-2570CBD1402B}.Release|Any CPU.ActiveCfg = Release|Any CPU
		{4FC6C94F-B3B3-4415-B9CA-2570CBD1402B}.Release|Any CPU.Build.0 = Release|Any CPU
		{DB2434A2-B301-4783-A6CA-F97254A26E1A}.Debug|Any CPU.ActiveCfg = Debug|Any CPU
		{DB2434A2-B301-4783-A6CA-F97254A26E1A}.Release|Any CPU.ActiveCfg = Release|Any CPU
		{C7BF0EB0-87FA-4CCA-8B5F-217054A8212F}.Debug|Any CPU.ActiveCfg = Debug|Any CPU
		{C7BF0EB0-87FA-4CCA-8B5F-217054A8212F}.Debug|Any CPU.Build.0 = Debug|Any CPU
		{C7BF0EB0-87FA-4CCA-8B5F-217054A8212F}.Release|Any CPU.ActiveCfg = Release|Any CPU
		{C7BF0EB0-87FA-4CCA-8B5F-217054A8212F}.Release|Any CPU.Build.0 = Release|Any CPU
	EndGlobalSection
	GlobalSection(SolutionProperties) = preSolution
		HideSolutionNode = FALSE
	EndGlobalSection
	GlobalSection(ExtensibilityGlobals) = postSolution
		SolutionGuid = {15CD44C3-B0D8-4E86-B68C-B18E983B8C80}
	EndGlobalSection
EndGlobal
